lockfileVersion: '9.0'

settings:
  autoInstallPeers: true
  excludeLinksFromLockfile: false

importers:

  .:
    dependencies:
      simple-icons:
        specifier: ^16.33.0
        version: 16.33.0
    devDependencies:
      '@types/node':
        specifier: ^26.6.4
        version: 26.6.4

packages:

  '@types/node@26.6.4':
    resolution: {integrity: sha512-ldVPDCzj7fsaGZrLB0NuHuTvJcsNasysBAqMolr/cgxrLd1xbqxIr3XJiPnHHJUCxj5sNF1vnRj9aWnrVh5Jcg==}

  simple-icons@16.33.0:
    resolution: {integrity: sha512-z14u6A8ngAg9mgERRsNO8YkjIMefehIpBk7A8Dz3Gd91945qFP19MLPSHgV4z8P5u/MRYd5e07OTzaDoB4d6qA==}
    engines: {node: '>=0.12.18'}

  undici-types@8.9.0:
    resolution: {integrity: sha512-KTDyRTYX8sWmKXAikPHHSyc63CRPETMctyjKFupcC6OBLXT3xsN0e9aF7m+mIXutFWpUXuedtowG7iLOzp0kQg==}

snapshots:

  '@types/node@26.6.4':
    dependencies:
      undici-types: 8.9.0

  simple-icons@16.33.0: {}

  undici-types@8.9.0: {}
